PODS:
  - MyScriptInteractiveInk-Runtime (2.1.1)

DEPENDENCIES:
  - MyScriptInteractiveInk-Runtime (= 2.1.1)

SPEC REPOS:
  trunk:
    - MyScriptInteractiveInk-Runtime

SPEC CHECKSUMS:
  MyScriptInteractiveInk-Runtime: d3e4aab20e5946ccf8c9f6a2b96fa18230ed7716

PODFILE CHECKSUM: 05983601ed0124bc049f118780770e7a9b0ed95f

COCOAPODS: 1.12.1
