PODS:
  - MyScriptInteractiveInk-Runtime (2.3.2)

DEPENDENCIES:
  - MyScriptInteractiveInk-Runtime (= 2.3.2)

SPEC REPOS:
  trunk:
    - MyScriptInteractiveInk-Runtime

SPEC CHECKSUMS:
  MyScriptInteractiveInk-Runtime: 1e3a2f29d0eb718ccc56e13bfeaf3d63f17b842d

PODFILE CHECKSUM: e723201d8ed25d4b904e749375b857f3ef27c59e

COCOAPODS: 1.14.3
