PODS:
  - MyScriptInteractiveInk-Runtime (4.3.0)

DEPENDENCIES:
  - MyScriptInteractiveInk-Runtime (= 4.3.0)

SPEC REPOS:
  trunk:
    - MyScriptInteractiveInk-Runtime

SPEC CHECKSUMS:
  MyScriptInteractiveInk-Runtime: e97cfef80a83bb340408041f595b889956ce101d

PODFILE CHECKSUM: 7de5436d9947efeccc5617e20ee9130ab9ba3856

COCOAPODS: 1.16.2
