PODS:
  - MyScriptInteractiveInk-Runtime (1.4.1)
  - MyScriptInteractiveInk-UIReferenceImplementation (1.4.1):
    - MyScriptInteractiveInk-Runtime (= 1.4.1)

DEPENDENCIES:
  - MyScriptInteractiveInk-UIReferenceImplementation (from `../..`)

SPEC REPOS:
  trunk:
    - MyScriptInteractiveInk-Runtime

EXTERNAL SOURCES:
  MyScriptInteractiveInk-UIReferenceImplementation:
    :path: "../.."

SPEC CHECKSUMS:
  MyScriptInteractiveInk-Runtime: d17cf2ec1fc3a0c1383cbfa4f173b07d00573ea3
  MyScriptInteractiveInk-UIReferenceImplementation: 92204dcab52e1de54aab4cc2151143a3aeda2214

PODFILE CHECKSUM: 58279a93218ac39540c44c4ead6f17ac06116216

COCOAPODS: 1.8.4
