PODS:
  - MyScriptInteractiveInk-Runtime (1.0.1)
  - MyScriptInteractiveInk-UIReferenceImplementation (1.0.1):
    - MyScriptInteractiveInk-Runtime (~> 1.0.0)

DEPENDENCIES:
  - MyScriptInteractiveInk-UIReferenceImplementation (from `../..`)

EXTERNAL SOURCES:
  MyScriptInteractiveInk-UIReferenceImplementation:
    :path: ../..

SPEC CHECKSUMS:
  MyScriptInteractiveInk-Runtime: 2cb3f279e562f6c901c29017fb4d84845461164f
  MyScriptInteractiveInk-UIReferenceImplementation: ba6eecd1e0762962c54798f83d46ca45c716a5d5

PODFILE CHECKSUM: b601e332774ad4216753c377e501089be0e327a7

COCOAPODS: 1.3.1
