PODS:
  - MyScriptInteractiveInk-Runtime (1.4.0)
  - MyScriptInteractiveInk-UIReferenceImplementation (1.4.0):
    - MyScriptInteractiveInk-Runtime (= 1.4.0)

DEPENDENCIES:
  - MyScriptInteractiveInk-UIReferenceImplementation (from `../..`)

SPEC REPOS:
  https://github.com/cocoapods/specs.git:
    - MyScriptInteractiveInk-Runtime

EXTERNAL SOURCES:
  MyScriptInteractiveInk-UIReferenceImplementation:
    :path: "../.."

SPEC CHECKSUMS:
  MyScriptInteractiveInk-Runtime: bb42a07ddc4c229171a7cb43d46429ff3310225e
  MyScriptInteractiveInk-UIReferenceImplementation: 8370678bba35800a877e658d6503b580b3b058e0

PODFILE CHECKSUM: 0acc198e6d17ac30e387444e46eac353edf6e4f1

COCOAPODS: 1.8.4
