PODS:
  - MyScriptInteractiveInk-Runtime (4.2.0)

DEPENDENCIES:
  - MyScriptInteractiveInk-Runtime (= 4.2.0)

SPEC REPOS:
  trunk:
    - MyScriptInteractiveInk-Runtime

SPEC CHECKSUMS:
  MyScriptInteractiveInk-Runtime: a0915743af35a4cad760736488f736c6c0bf5c58

PODFILE CHECKSUM: 09e6524c5338759e5f26f68a95da07c037168668

COCOAPODS: 1.16.2
