PODS:
  - MyScriptInteractiveInk-Runtime (4.1.0)

DEPENDENCIES:
  - MyScriptInteractiveInk-Runtime (= 4.1.0)

SPEC REPOS:
  trunk:
    - MyScriptInteractiveInk-Runtime

SPEC CHECKSUMS:
  MyScriptInteractiveInk-Runtime: c40ac94eeb31d7337e58c9114b236e8a4bb6b681

PODFILE CHECKSUM: 05b2beda2b345b28d93a587c18291ad613870f52

COCOAPODS: 1.16.2
