// !$*UTF8*$!
{
	archiveVersion = 1;
	classes = {
	};
	objectVersion = 46;
	objects = {

/* Begin PBXBuildFile section */
		043E907A274267C500425424 /* AppDelegate.swift in Sources */ = {isa = PBXBuildFile; fileRef = 043E9070274267C500425424 /* AppDelegate.swift */; };
		043E907B274267C500425424 /* EngineProvider.swift in Sources */ = {isa = PBXBuildFile; fileRef = 043E9072274267C500425424 /* EngineProvider.swift */; };
		043E907C274267C500425424 /* HomeViewModel.swift in Sources */ = {isa = PBXBuildFile; fileRef = 043E9075274267C500425424 /* HomeViewModel.swift */; };
		043E907D274267C500425424 /* HomeViewController.swift in Sources */ = {isa = PBXBuildFile; fileRef = 043E9076274267C500425424 /* HomeViewController.swift */; };
		043E907E274267C500425424 /* HomeModel.swift in Sources */ = {isa = PBXBuildFile; fileRef = 043E9077274267C500425424 /* HomeModel.swift */; };
		043E907F274267C500425424 /* LaunchScreen.storyboard in Resources */ = {isa = PBXBuildFile; fileRef = 043E9078274267C500425424 /* LaunchScreen.storyboard */; };
		043E9080274267C500425424 /* Main.storyboard in Resources */ = {isa = PBXBuildFile; fileRef = 043E9079274267C500425424 /* Main.storyboard */; };
		043E90AE27426E4700425424 /* OffscreenRenderSurfaces.swift in Sources */ = {isa = PBXBuildFile; fileRef = 043E908D27426E4700425424 /* OffscreenRenderSurfaces.swift */; };
		043E90AF27426E4700425424 /* Canvas.swift in Sources */ = {isa = PBXBuildFile; fileRef = 043E908E27426E4700425424 /* Canvas.swift */; };
		043E90B027426E4700425424 /* RenderView.swift in Sources */ = {isa = PBXBuildFile; fileRef = 043E908F27426E4700425424 /* RenderView.swift */; };
		043E90B127426E4700425424 /* InputView.swift in Sources */ = {isa = PBXBuildFile; fileRef = 043E909027426E4700425424 /* InputView.swift */; };
		043E90B227426E4700425424 /* ImageLoader.swift in Sources */ = {isa = PBXBuildFile; fileRef = 043E909227426E4700425424 /* ImageLoader.swift */; };
		043E90B327426E4700425424 /* NSAttributedString+Helper.mm in Sources */ = {isa = PBXBuildFile; fileRef = 043E909327426E4700425424 /* NSAttributedString+Helper.mm */; };
		043E90B427426E4700425424 /* IInkUIRefImplUtils.swift in Sources */ = {isa = PBXBuildFile; fileRef = 043E909527426E4700425424 /* IInkUIRefImplUtils.swift */; };
		043E90B527426E4700425424 /* ImageDrawer.swift in Sources */ = {isa = PBXBuildFile; fileRef = 043E909627426E4700425424 /* ImageDrawer.swift */; };
		043E90B627426E4700425424 /* UIfont+Helper.mm in Sources */ = {isa = PBXBuildFile; fileRef = 043E909827426E4700425424 /* UIfont+Helper.mm */; };
		043E90B727426E4700425424 /* NSFileManager+Additions.swift in Sources */ = {isa = PBXBuildFile; fileRef = 043E909927426E4700425424 /* NSFileManager+Additions.swift */; };
		043E90B827426E4700425424 /* FontMetricsProvider.mm in Sources */ = {isa = PBXBuildFile; fileRef = 043E909A27426E4700425424 /* FontMetricsProvider.mm */; };
		043E90B927426E4700425424 /* Path.swift in Sources */ = {isa = PBXBuildFile; fileRef = 043E909B27426E4700425424 /* Path.swift */; };
		043E90BA27426E4700425424 /* Helper.swift in Sources */ = {isa = PBXBuildFile; fileRef = 043E909E27426E4700425424 /* Helper.swift */; };
		043E90BB27426E4700425424 /* SynchronizedSwift.swift in Sources */ = {isa = PBXBuildFile; fileRef = 043E909F27426E4700425424 /* SynchronizedSwift.swift */; };
		043E90BC27426E4700425424 /* UIFont+Traits.m in Sources */ = {isa = PBXBuildFile; fileRef = 043E90A027426E4700425424 /* UIFont+Traits.m */; };
		043E90BD27426E4700425424 /* SmartGuideViewController.mm in Sources */ = {isa = PBXBuildFile; fileRef = 043E90A327426E4700425424 /* SmartGuideViewController.mm */; };
		043E90BE27426E4700425424 /* DisplayViewController.swift in Sources */ = {isa = PBXBuildFile; fileRef = 043E90A627426E4700425424 /* DisplayViewController.swift */; };
		043E90BF27426E4700425424 /* DisplayModel.swift in Sources */ = {isa = PBXBuildFile; fileRef = 043E90A727426E4700425424 /* DisplayModel.swift */; };
		043E90C027426E4700425424 /* DisplayViewModel.swift in Sources */ = {isa = PBXBuildFile; fileRef = 043E90A827426E4700425424 /* DisplayViewModel.swift */; };
		043E90C127426E4700425424 /* EditorModel.swift in Sources */ = {isa = PBXBuildFile; fileRef = 043E90AB27426E4700425424 /* EditorModel.swift */; };
		043E90C227426E4700425424 /* EditorViewModel.swift in Sources */ = {isa = PBXBuildFile; fileRef = 043E90AC27426E4700425424 /* EditorViewModel.swift */; };
		043E90C327426E4700425424 /* EditorViewController.swift in Sources */ = {isa = PBXBuildFile; fileRef = 043E90AD27426E4700425424 /* EditorViewController.swift */; };
		558FDC1D1F3C4E6700590CC9 /* MyCertificate.c in Sources */ = {isa = PBXBuildFile; fileRef = 558FDC1B1F3C4E6700590CC9 /* MyCertificate.c */; };
		558FDC391F3C5DEF00590CC9 /* recognition-assets in Resources */ = {isa = PBXBuildFile; fileRef = 558FDC381F3C5DEF00590CC9 /* recognition-assets */; };
		559D55811F3B656200971CB1 /* Main.storyboard in Resources */ = {isa = PBXBuildFile; fileRef = 559D557F1F3B656200971CB1 /* Main.storyboard */; };
		559D55861F3B656200971CB1 /* LaunchScreen.storyboard in Resources */ = {isa = PBXBuildFile; fileRef = 559D55841F3B656200971CB1 /* LaunchScreen.storyboard */; };
		55F06F801F3CBB3400A1624F /* Assets.xcassets in Resources */ = {isa = PBXBuildFile; fileRef = 55F06F7F1F3CBB3400A1624F /* Assets.xcassets */; };
		B2974109573D2BDA71D6F235 /* libPods-GetStarted.a in Frameworks */ = {isa = PBXBuildFile; fileRef = 2739E09CB26852F0B467A35F /* libPods-GetStarted.a */; };
/* End PBXBuildFile section */

/* Begin PBXFileReference section */
		043E9070274267C500425424 /* AppDelegate.swift */ = {isa = PBXFileReference; fileEncoding = 4; lastKnownFileType = sourcecode.swift; path = AppDelegate.swift; sourceTree = "<group>"; };
		043E9072274267C500425424 /* EngineProvider.swift */ = {isa = PBXFileReference; fileEncoding = 4; lastKnownFileType = sourcecode.swift; path = EngineProvider.swift; sourceTree = "<group>"; };
		043E9075274267C500425424 /* HomeViewModel.swift */ = {isa = PBXFileReference; fileEncoding = 4; lastKnownFileType = sourcecode.swift; path = HomeViewModel.swift; sourceTree = "<group>"; };
		043E9076274267C500425424 /* HomeViewController.swift */ = {isa = PBXFileReference; fileEncoding = 4; lastKnownFileType = sourcecode.swift; path = HomeViewController.swift; sourceTree = "<group>"; };
		043E9077274267C500425424 /* HomeModel.swift */ = {isa = PBXFileReference; fileEncoding = 4; lastKnownFileType = sourcecode.swift; path = HomeModel.swift; sourceTree = "<group>"; };
		043E9078274267C500425424 /* LaunchScreen.storyboard */ = {isa = PBXFileReference; fileEncoding = 4; lastKnownFileType = file.storyboard; path = LaunchScreen.storyboard; sourceTree = "<group>"; };
		043E9079274267C500425424 /* Main.storyboard */ = {isa = PBXFileReference; fileEncoding = 4; lastKnownFileType = file.storyboard; path = Main.storyboard; sourceTree = "<group>"; };
		043E908D27426E4700425424 /* OffscreenRenderSurfaces.swift */ = {isa = PBXFileReference; fileEncoding = 4; lastKnownFileType = sourcecode.swift; path = OffscreenRenderSurfaces.swift; sourceTree = "<group>"; };
		043E908E27426E4700425424 /* Canvas.swift */ = {isa = PBXFileReference; fileEncoding = 4; lastKnownFileType = sourcecode.swift; path = Canvas.swift; sourceTree = "<group>"; };
		043E908F27426E4700425424 /* RenderView.swift */ = {isa = PBXFileReference; fileEncoding = 4; lastKnownFileType = sourcecode.swift; path = RenderView.swift; sourceTree = "<group>"; };
		043E909027426E4700425424 /* InputView.swift */ = {isa = PBXFileReference; fileEncoding = 4; lastKnownFileType = sourcecode.swift; path = InputView.swift; sourceTree = "<group>"; };
		043E909227426E4700425424 /* ImageLoader.swift */ = {isa = PBXFileReference; fileEncoding = 4; lastKnownFileType = sourcecode.swift; path = ImageLoader.swift; sourceTree = "<group>"; };
		043E909327426E4700425424 /* NSAttributedString+Helper.mm */ = {isa = PBXFileReference; fileEncoding = 4; lastKnownFileType = sourcecode.cpp.objcpp; path = "NSAttributedString+Helper.mm"; sourceTree = "<group>"; };
		043E909427426E4700425424 /* UIfont+Helper.h */ = {isa = PBXFileReference; fileEncoding = 4; lastKnownFileType = sourcecode.c.h; path = "UIfont+Helper.h"; sourceTree = "<group>"; };
		043E909527426E4700425424 /* IInkUIRefImplUtils.swift */ = {isa = PBXFileReference; fileEncoding = 4; lastKnownFileType = sourcecode.swift; path = IInkUIRefImplUtils.swift; sourceTree = "<group>"; };
		043E909627426E4700425424 /* ImageDrawer.swift */ = {isa = PBXFileReference; fileEncoding = 4; lastKnownFileType = sourcecode.swift; path = ImageDrawer.swift; sourceTree = "<group>"; };
		043E909727426E4700425424 /* UIFont+Traits.h */ = {isa = PBXFileReference; fileEncoding = 4; lastKnownFileType = sourcecode.c.h; path = "UIFont+Traits.h"; sourceTree = "<group>"; };
		043E909827426E4700425424 /* UIfont+Helper.mm */ = {isa = PBXFileReference; fileEncoding = 4; lastKnownFileType = sourcecode.cpp.objcpp; path = "UIfont+Helper.mm"; sourceTree = "<group>"; };
		043E909927426E4700425424 /* NSFileManager+Additions.swift */ = {isa = PBXFileReference; fileEncoding = 4; lastKnownFileType = sourcecode.swift; path = "NSFileManager+Additions.swift"; sourceTree = "<group>"; };
		043E909A27426E4700425424 /* FontMetricsProvider.mm */ = {isa = PBXFileReference; fileEncoding = 4; lastKnownFileType = sourcecode.cpp.objcpp; path = FontMetricsProvider.mm; sourceTree = "<group>"; };
		043E909B27426E4700425424 /* Path.swift */ = {isa = PBXFileReference; fileEncoding = 4; lastKnownFileType = sourcecode.swift; path = Path.swift; sourceTree = "<group>"; };
		043E909C27426E4700425424 /* FontMetricsProvider.h */ = {isa = PBXFileReference; fileEncoding = 4; lastKnownFileType = sourcecode.c.h; path = FontMetricsProvider.h; sourceTree = "<group>"; };
		043E909D27426E4700425424 /* NSAttributedString+Helper.h */ = {isa = PBXFileReference; fileEncoding = 4; lastKnownFileType = sourcecode.c.h; path = "NSAttributedString+Helper.h"; sourceTree = "<group>"; };
		043E909E27426E4700425424 /* Helper.swift */ = {isa = PBXFileReference; fileEncoding = 4; lastKnownFileType = sourcecode.swift; path = Helper.swift; sourceTree = "<group>"; };
		043E909F27426E4700425424 /* SynchronizedSwift.swift */ = {isa = PBXFileReference; fileEncoding = 4; lastKnownFileType = sourcecode.swift; path = SynchronizedSwift.swift; sourceTree = "<group>"; };
		043E90A027426E4700425424 /* UIFont+Traits.m */ = {isa = PBXFileReference; fileEncoding = 4; lastKnownFileType = sourcecode.c.objc; path = "UIFont+Traits.m"; sourceTree = "<group>"; };
		043E90A227426E4700425424 /* SmartGuideViewController.h */ = {isa = PBXFileReference; fileEncoding = 4; lastKnownFileType = sourcecode.c.h; path = SmartGuideViewController.h; sourceTree = "<group>"; };
		043E90A327426E4700425424 /* SmartGuideViewController.mm */ = {isa = PBXFileReference; fileEncoding = 4; lastKnownFileType = sourcecode.cpp.objcpp; path = SmartGuideViewController.mm; sourceTree = "<group>"; };
		043E90A427426E4700425424 /* IInkUIReferenceImplementation.h */ = {isa = PBXFileReference; fileEncoding = 4; lastKnownFileType = sourcecode.c.h; path = IInkUIReferenceImplementation.h; sourceTree = "<group>"; };
		043E90A627426E4700425424 /* DisplayViewController.swift */ = {isa = PBXFileReference; fileEncoding = 4; lastKnownFileType = sourcecode.swift; path = DisplayViewController.swift; sourceTree = "<group>"; };
		043E90A727426E4700425424 /* DisplayModel.swift */ = {isa = PBXFileReference; fileEncoding = 4; lastKnownFileType = sourcecode.swift; path = DisplayModel.swift; sourceTree = "<group>"; };
		043E90A827426E4700425424 /* DisplayViewModel.swift */ = {isa = PBXFileReference; fileEncoding = 4; lastKnownFileType = sourcecode.swift; path = DisplayViewModel.swift; sourceTree = "<group>"; };
		043E90A927426E4700425424 /* IInkUIReferenceImplementation-Bridging-Header.h */ = {isa = PBXFileReference; fileEncoding = 4; lastKnownFileType = sourcecode.c.h; path = "IInkUIReferenceImplementation-Bridging-Header.h"; sourceTree = "<group>"; };
		043E90AB27426E4700425424 /* EditorModel.swift */ = {isa = PBXFileReference; fileEncoding = 4; lastKnownFileType = sourcecode.swift; path = EditorModel.swift; sourceTree = "<group>"; };
		043E90AC27426E4700425424 /* EditorViewModel.swift */ = {isa = PBXFileReference; fileEncoding = 4; lastKnownFileType = sourcecode.swift; path = EditorViewModel.swift; sourceTree = "<group>"; };
		043E90AD27426E4700425424 /* EditorViewController.swift */ = {isa = PBXFileReference; fileEncoding = 4; lastKnownFileType = sourcecode.swift; path = EditorViewController.swift; sourceTree = "<group>"; };
		2739E09CB26852F0B467A35F /* libPods-GetStarted.a */ = {isa = PBXFileReference; explicitFileType = archive.ar; includeInIndex = 0; path = "libPods-GetStarted.a"; sourceTree = BUILT_PRODUCTS_DIR; };
		558FDC1B1F3C4E6700590CC9 /* MyCertificate.c */ = {isa = PBXFileReference; fileEncoding = 4; lastKnownFileType = sourcecode.c.c; path = MyCertificate.c; sourceTree = "<group>"; };
		558FDC1C1F3C4E6700590CC9 /* MyCertificate.h */ = {isa = PBXFileReference; explicitFileType = sourcecode.c.objc; fileEncoding = 4; path = MyCertificate.h; sourceTree = "<group>"; };
		558FDC381F3C5DEF00590CC9 /* recognition-assets */ = {isa = PBXFileReference; lastKnownFileType = folder; path = "recognition-assets"; sourceTree = "<group>"; };
		559D55731F3B656200971CB1 /* GetStarted.app */ = {isa = PBXFileReference; explicitFileType = wrapper.application; includeInIndex = 0; path = GetStarted.app; sourceTree = BUILT_PRODUCTS_DIR; };
		559D55801F3B656200971CB1 /* Base */ = {isa = PBXFileReference; lastKnownFileType = file.storyboard; name = Base; path = Base.lproj/Main.storyboard; sourceTree = "<group>"; };
		559D55851F3B656200971CB1 /* Base */ = {isa = PBXFileReference; lastKnownFileType = file.storyboard; name = Base; path = Base.lproj/LaunchScreen.storyboard; sourceTree = "<group>"; };
		55F06F7F1F3CBB3400A1624F /* Assets.xcassets */ = {isa = PBXFileReference; lastKnownFileType = folder.assetcatalog; path = Assets.xcassets; sourceTree = "<group>"; };
		55F06F861F3CBBA200A1624F /* GetStarted-Info.plist */ = {isa = PBXFileReference; fileEncoding = 4; lastKnownFileType = text.plist.xml; path = "GetStarted-Info.plist"; sourceTree = "<group>"; };
		65D200C6994E10F1DB8BEBE2 /* Pods-GetStarted.release.xcconfig */ = {isa = PBXFileReference; includeInIndex = 1; lastKnownFileType = text.xcconfig; name = "Pods-GetStarted.release.xcconfig"; path = "Pods/Target Support Files/Pods-GetStarted/Pods-GetStarted.release.xcconfig"; sourceTree = "<group>"; };
		B22EB11FCE844DF1F4472FCD /* Pods-GetStarted.debug.xcconfig */ = {isa = PBXFileReference; includeInIndex = 1; lastKnownFileType = text.xcconfig; name = "Pods-GetStarted.debug.xcconfig"; path = "Pods/Target Support Files/Pods-GetStarted/Pods-GetStarted.debug.xcconfig"; sourceTree = "<group>"; };
/* End PBXFileReference section */

/* Begin PBXFrameworksBuildPhase section */
		559D55701F3B656200971CB1 /* Frameworks */ = {
			isa = PBXFrameworksBuildPhase;
			buildActionMask = 2147483647;
			files = (
				B2974109573D2BDA71D6F235 /* libPods-GetStarted.a in Frameworks */,
			);
			runOnlyForDeploymentPostprocessing = 0;
		};
/* End PBXFrameworksBuildPhase section */

/* Begin PBXGroup section */
		043E9071274267C500425424 /* Business */ = {
			isa = PBXGroup;
			children = (
				043E9072274267C500425424 /* EngineProvider.swift */,
			);
			path = Business;
			sourceTree = "<group>";
		};
		043E9073274267C500425424 /* Scenes */ = {
			isa = PBXGroup;
			children = (
				043E9074274267C500425424 /* Home */,
				043E9078274267C500425424 /* LaunchScreen.storyboard */,
				043E9079274267C500425424 /* Main.storyboard */,
			);
			path = Scenes;
			sourceTree = "<group>";
		};
		043E9074274267C500425424 /* Home */ = {
			isa = PBXGroup;
			children = (
				043E9075274267C500425424 /* HomeViewModel.swift */,
				043E9076274267C500425424 /* HomeViewController.swift */,
				043E9077274267C500425424 /* HomeModel.swift */,
			);
			path = Home;
			sourceTree = "<group>";
		};
		043E908B27426E4700425424 /* IInkUIReferenceImplementation */ = {
			isa = PBXGroup;
			children = (
				043E908C27426E4700425424 /* UIObjects */,
				043E909127426E4700425424 /* Utils */,
				043E90A127426E4700425424 /* SmartGuide */,
				043E90A427426E4700425424 /* IInkUIReferenceImplementation.h */,
				043E90A527426E4700425424 /* Display */,
				043E90A927426E4700425424 /* IInkUIReferenceImplementation-Bridging-Header.h */,
				043E90AA27426E4700425424 /* Editor */,
			);
			name = IInkUIReferenceImplementation;
			path = ../Frameworks/IInkUIReferenceImplementation;
			sourceTree = "<group>";
		};
		043E908C27426E4700425424 /* UIObjects */ = {
			isa = PBXGroup;
			children = (
				043E908D27426E4700425424 /* OffscreenRenderSurfaces.swift */,
				043E908E27426E4700425424 /* Canvas.swift */,
				043E908F27426E4700425424 /* RenderView.swift */,
				043E909027426E4700425424 /* InputView.swift */,
			);
			path = UIObjects;
			sourceTree = "<group>";
		};
		043E909127426E4700425424 /* Utils */ = {
			isa = PBXGroup;
			children = (
				043E909227426E4700425424 /* ImageLoader.swift */,
				043E909327426E4700425424 /* NSAttributedString+Helper.mm */,
				043E909427426E4700425424 /* UIfont+Helper.h */,
				043E909527426E4700425424 /* IInkUIRefImplUtils.swift */,
				043E909627426E4700425424 /* ImageDrawer.swift */,
				043E909727426E4700425424 /* UIFont+Traits.h */,
				043E909827426E4700425424 /* UIfont+Helper.mm */,
				043E909927426E4700425424 /* NSFileManager+Additions.swift */,
				043E909A27426E4700425424 /* FontMetricsProvider.mm */,
				043E909B27426E4700425424 /* Path.swift */,
				043E909C27426E4700425424 /* FontMetricsProvider.h */,
				043E909D27426E4700425424 /* NSAttributedString+Helper.h */,
				043E909E27426E4700425424 /* Helper.swift */,
				043E909F27426E4700425424 /* SynchronizedSwift.swift */,
				043E90A027426E4700425424 /* UIFont+Traits.m */,
			);
			path = Utils;
			sourceTree = "<group>";
		};
		043E90A127426E4700425424 /* SmartGuide */ = {
			isa = PBXGroup;
			children = (
				043E90A227426E4700425424 /* SmartGuideViewController.h */,
				043E90A327426E4700425424 /* SmartGuideViewController.mm */,
			);
			path = SmartGuide;
			sourceTree = "<group>";
		};
		043E90A527426E4700425424 /* Display */ = {
			isa = PBXGroup;
			children = (
				043E90A627426E4700425424 /* DisplayViewController.swift */,
				043E90A727426E4700425424 /* DisplayModel.swift */,
				043E90A827426E4700425424 /* DisplayViewModel.swift */,
			);
			path = Display;
			sourceTree = "<group>";
		};
		043E90AA27426E4700425424 /* Editor */ = {
			isa = PBXGroup;
			children = (
				043E90AB27426E4700425424 /* EditorModel.swift */,
				043E90AC27426E4700425424 /* EditorViewModel.swift */,
				043E90AD27426E4700425424 /* EditorViewController.swift */,
			);
			path = Editor;
			sourceTree = "<group>";
		};
		558FDBE81F3C4E4400590CC9 /* Classes */ = {
			isa = PBXGroup;
			children = (
				043E9070274267C500425424 /* AppDelegate.swift */,
				043E9071274267C500425424 /* Business */,
				043E9073274267C500425424 /* Scenes */,
			);
			path = Classes;
			sourceTree = "<group>";
		};
		558FDC1A1F3C4E6700590CC9 /* MyScriptCertificate */ = {
			isa = PBXGroup;
			children = (
				558FDC1C1F3C4E6700590CC9 /* MyCertificate.h */,
				558FDC1B1F3C4E6700590CC9 /* MyCertificate.c */,
			);
			path = MyScriptCertificate;
			sourceTree = "<group>";
		};
		558FDC1E1F3C5DDB00590CC9 /* Resources */ = {
			isa = PBXGroup;
			children = (
				55F06F7F1F3CBB3400A1624F /* Assets.xcassets */,
				558FDC381F3C5DEF00590CC9 /* recognition-assets */,
			);
			path = Resources;
			sourceTree = "<group>";
		};
		559D556A1F3B656200971CB1 = {
			isa = PBXGroup;
			children = (
				559D55751F3B656200971CB1 /* GetStarted */,
				559D55741F3B656200971CB1 /* Products */,
				F8AB3A53E0C5631A2AB98E54 /* Pods */,
				CC375E4FF70B2FA0FC2941A3 /* Frameworks */,
			);
			indentWidth = 4;
			sourceTree = "<group>";
			tabWidth = 4;
		};
		559D55741F3B656200971CB1 /* Products */ = {
			isa = PBXGroup;
			children = (
				559D55731F3B656200971CB1 /* GetStarted.app */,
			);
			name = Products;
			sourceTree = "<group>";
		};
		559D55751F3B656200971CB1 /* GetStarted */ = {
			isa = PBXGroup;
			children = (
				558FDC1A1F3C4E6700590CC9 /* MyScriptCertificate */,
				558FDBE81F3C4E4400590CC9 /* Classes */,
				55F06F7E1F3CBB0F00A1624F /* Storyboards */,
				558FDC1E1F3C5DDB00590CC9 /* Resources */,
				55F06F811F3CBB7200A1624F /* Supporting Files */,
			);
			path = GetStarted;
			sourceTree = "<group>";
		};
		55F06F7E1F3CBB0F00A1624F /* Storyboards */ = {
			isa = PBXGroup;
			children = (
				559D557F1F3B656200971CB1 /* Main.storyboard */,
				559D55841F3B656200971CB1 /* LaunchScreen.storyboard */,
			);
			name = Storyboards;
			sourceTree = "<group>";
		};
		55F06F811F3CBB7200A1624F /* Supporting Files */ = {
			isa = PBXGroup;
			children = (
				55F06F861F3CBBA200A1624F /* GetStarted-Info.plist */,
			);
			path = "Supporting Files";
			sourceTree = "<group>";
		};
		CC375E4FF70B2FA0FC2941A3 /* Frameworks */ = {
			isa = PBXGroup;
			children = (
				043E908B27426E4700425424 /* IInkUIReferenceImplementation */,
				2739E09CB26852F0B467A35F /* libPods-GetStarted.a */,
			);
			name = Frameworks;
			sourceTree = "<group>";
		};
		F8AB3A53E0C5631A2AB98E54 /* Pods */ = {
			isa = PBXGroup;
			children = (
				B22EB11FCE844DF1F4472FCD /* Pods-GetStarted.debug.xcconfig */,
				65D200C6994E10F1DB8BEBE2 /* Pods-GetStarted.release.xcconfig */,
			);
			name = Pods;
			sourceTree = "<group>";
		};
/* End PBXGroup section */

/* Begin PBXNativeTarget section */
		559D55721F3B656200971CB1 /* GetStarted */ = {
			isa = PBXNativeTarget;
			buildConfigurationList = 559D558A1F3B656200971CB1 /* Build configuration list for PBXNativeTarget "GetStarted" */;
			buildPhases = (
				DE518F87D606FC0A6545FF25 /* [CP] Check Pods Manifest.lock */,
				55F97D7E1F41A60A000D5DB7 /* ShellScript */,
				559D556F1F3B656200971CB1 /* Sources */,
				559D55701F3B656200971CB1 /* Frameworks */,
				559D55711F3B656200971CB1 /* Resources */,
			);
			buildRules = (
			);
			dependencies = (
			);
			name = GetStarted;
			productName = GetStarted;
			productReference = 559D55731F3B656200971CB1 /* GetStarted.app */;
			productType = "com.apple.product-type.application";
		};
/* End PBXNativeTarget section */

/* Begin PBXProject section */
		559D556B1F3B656200971CB1 /* Project object */ = {
			isa = PBXProject;
			attributes = {
				LastUpgradeCheck = 1150;
				ORGANIZATIONNAME = MyScript;
				TargetAttributes = {
					559D55721F3B656200971CB1 = {
						CreatedOnToolsVersion = 8.3.3;
						DevelopmentTeam = 7WY4422N73;
						LastSwiftMigration = 1300;
						ProvisioningStyle = Automatic;
					};
				};
			};
			buildConfigurationList = 559D556E1F3B656200971CB1 /* Build configuration list for PBXProject "GetStarted" */;
			compatibilityVersion = "Xcode 3.2";
			developmentRegion = en;
			hasScannedForEncodings = 0;
			knownRegions = (
				en,
				Base,
			);
			mainGroup = 559D556A1F3B656200971CB1;
			productRefGroup = 559D55741F3B656200971CB1 /* Products */;
			projectDirPath = "";
			projectRoot = "";
			targets = (
				559D55721F3B656200971CB1 /* GetStarted */,
			);
		};
/* End PBXProject section */

/* Begin PBXResourcesBuildPhase section */
		559D55711F3B656200971CB1 /* Resources */ = {
			isa = PBXResourcesBuildPhase;
			buildActionMask = 2147483647;
			files = (
				559D55861F3B656200971CB1 /* LaunchScreen.storyboard in Resources */,
				559D55811F3B656200971CB1 /* Main.storyboard in Resources */,
				55F06F801F3CBB3400A1624F /* Assets.xcassets in Resources */,
				043E9080274267C500425424 /* Main.storyboard in Resources */,
				043E907F274267C500425424 /* LaunchScreen.storyboard in Resources */,
				558FDC391F3C5DEF00590CC9 /* recognition-assets in Resources */,
			);
			runOnlyForDeploymentPostprocessing = 0;
		};
/* End PBXResourcesBuildPhase section */

/* Begin PBXShellScriptBuildPhase section */
		55F97D7E1F41A60A000D5DB7 /* ShellScript */ = {
			isa = PBXShellScriptBuildPhase;
			buildActionMask = 2147483647;
			files = (
			);
			inputPaths = (
			);
			outputPaths = (
			);
			runOnlyForDeploymentPostprocessing = 0;
			shellPath = /bin/sh;
			shellScript = "./retrieve_recognition-assets.sh GetStarted\n";
		};
		DE518F87D606FC0A6545FF25 /* [CP] Check Pods Manifest.lock */ = {
			isa = PBXShellScriptBuildPhase;
			buildActionMask = 2147483647;
			files = (
			);
			inputPaths = (
				"${PODS_PODFILE_DIR_PATH}/Podfile.lock",
				"${PODS_ROOT}/Manifest.lock",
			);
			name = "[CP] Check Pods Manifest.lock";
			outputPaths = (
				"$(DERIVED_FILE_DIR)/Pods-GetStarted-checkManifestLockResult.txt",
			);
			runOnlyForDeploymentPostprocessing = 0;
			shellPath = /bin/sh;
			shellScript = "diff \"${PODS_PODFILE_DIR_PATH}/Podfile.lock\" \"${PODS_ROOT}/Manifest.lock\" > /dev/null\nif [ $? != 0 ] ; then\n    # print error to STDERR\n    echo \"error: The sandbox is not in sync with the Podfile.lock. Run 'pod install' or update your CocoaPods installation.\" >&2\n    exit 1\nfi\n# This output is used by Xcode 'outputs' to avoid re-running this script phase.\necho \"SUCCESS\" > \"${SCRIPT_OUTPUT_FILE_0}\"\n";
			showEnvVarsInLog = 0;
		};
/* End PBXShellScriptBuildPhase section */

/* Begin PBXSourcesBuildPhase section */
		559D556F1F3B656200971CB1 /* Sources */ = {
			isa = PBXSourcesBuildPhase;
			buildActionMask = 2147483647;
			files = (
				043E90C127426E4700425424 /* EditorModel.swift in Sources */,
				043E90AE27426E4700425424 /* OffscreenRenderSurfaces.swift in Sources */,
				043E907B274267C500425424 /* EngineProvider.swift in Sources */,
				043E90B627426E4700425424 /* UIfont+Helper.mm in Sources */,
				043E90BD27426E4700425424 /* SmartGuideViewController.mm in Sources */,
				043E90BF27426E4700425424 /* DisplayModel.swift in Sources */,
				043E90C027426E4700425424 /* DisplayViewModel.swift in Sources */,
				043E90B027426E4700425424 /* RenderView.swift in Sources */,
				043E907A274267C500425424 /* AppDelegate.swift in Sources */,
				043E90AF27426E4700425424 /* Canvas.swift in Sources */,
				043E90B227426E4700425424 /* ImageLoader.swift in Sources */,
				043E907E274267C500425424 /* HomeModel.swift in Sources */,
				043E90BA27426E4700425424 /* Helper.swift in Sources */,
				043E907C274267C500425424 /* HomeViewModel.swift in Sources */,
				043E90BE27426E4700425424 /* DisplayViewController.swift in Sources */,
				043E90B127426E4700425424 /* InputView.swift in Sources */,
				043E90B427426E4700425424 /* IInkUIRefImplUtils.swift in Sources */,
				043E90B827426E4700425424 /* FontMetricsProvider.mm in Sources */,
				043E90B527426E4700425424 /* ImageDrawer.swift in Sources */,
				558FDC1D1F3C4E6700590CC9 /* MyCertificate.c in Sources */,
				043E90BB27426E4700425424 /* SynchronizedSwift.swift in Sources */,
				043E90C227426E4700425424 /* EditorViewModel.swift in Sources */,
				043E907D274267C500425424 /* HomeViewController.swift in Sources */,
				043E90B727426E4700425424 /* NSFileManager+Additions.swift in Sources */,
				043E90BC27426E4700425424 /* UIFont+Traits.m in Sources */,
				043E90B927426E4700425424 /* Path.swift in Sources */,
				043E90B327426E4700425424 /* NSAttributedString+Helper.mm in Sources */,
				043E90C327426E4700425424 /* EditorViewController.swift in Sources */,
			);
			runOnlyForDeploymentPostprocessing = 0;
		};
/* End PBXSourcesBuildPhase section */

/* Begin PBXVariantGroup section */
		559D557F1F3B656200971CB1 /* Main.storyboard */ = {
			isa = PBXVariantGroup;
			children = (
				559D55801F3B656200971CB1 /* Base */,
			);
			name = Main.storyboard;
			sourceTree = "<group>";
		};
		559D55841F3B656200971CB1 /* LaunchScreen.storyboard */ = {
			isa = PBXVariantGroup;
			children = (
				559D55851F3B656200971CB1 /* Base */,
			);
			name = LaunchScreen.storyboard;
			sourceTree = "<group>";
		};
/* End PBXVariantGroup section */

/* Begin XCBuildConfiguration section */
		559D55881F3B656200971CB1 /* Debug */ = {
			isa = XCBuildConfiguration;
			buildSettings = {
				ALWAYS_SEARCH_USER_PATHS = NO;
				CLANG_ANALYZER_NONNULL = YES;
				CLANG_ANALYZER_NUMBER_OBJECT_CONVERSION = YES_AGGRESSIVE;
				CLANG_CXX_LANGUAGE_STANDARD = "gnu++0x";
				CLANG_CXX_LIBRARY = "libc++";
				CLANG_ENABLE_MODULES = YES;
				CLANG_ENABLE_OBJC_ARC = YES;
				CLANG_WARN_BOOL_CONVERSION = YES;
				CLANG_WARN_CONSTANT_CONVERSION = YES;
				CLANG_WARN_DIRECT_OBJC_ISA_USAGE = YES_ERROR;
				CLANG_WARN_DOCUMENTATION_COMMENTS = YES;
				CLANG_WARN_EMPTY_BODY = YES;
				CLANG_WARN_ENUM_CONVERSION = YES;
				CLANG_WARN_INFINITE_RECURSION = YES;
				CLANG_WARN_INT_CONVERSION = YES;
				CLANG_WARN_OBJC_ROOT_CLASS = YES_ERROR;
				CLANG_WARN_SUSPICIOUS_MOVE = YES;
				CLANG_WARN_UNREACHABLE_CODE = YES;
				CLANG_WARN__DUPLICATE_METHOD_MATCH = YES;
				"CODE_SIGN_IDENTITY[sdk=iphoneos*]" = "iPhone Developer";
				COPY_PHASE_STRIP = NO;
				DEBUG_INFORMATION_FORMAT = dwarf;
				ENABLE_STRICT_OBJC_MSGSEND = YES;
				ENABLE_TESTABILITY = YES;
				GCC_C_LANGUAGE_STANDARD = gnu99;
				GCC_DYNAMIC_NO_PIC = NO;
				GCC_NO_COMMON_BLOCKS = YES;
				GCC_OPTIMIZATION_LEVEL = 0;
				GCC_PREPROCESSOR_DEFINITIONS = (
					"DEBUG=1",
					"$(inherited)",
				);
				GCC_WARN_64_TO_32_BIT_CONVERSION = YES;
				GCC_WARN_ABOUT_RETURN_TYPE = YES_ERROR;
				GCC_WARN_UNDECLARED_SELECTOR = YES;
				GCC_WARN_UNINITIALIZED_AUTOS = YES_AGGRESSIVE;
				GCC_WARN_UNUSED_FUNCTION = YES;
				GCC_WARN_UNUSED_VARIABLE = YES;
				IPHONEOS_DEPLOYMENT_TARGET = 13.0;
				MTL_ENABLE_DEBUG_INFO = YES;
				ONLY_ACTIVE_ARCH = YES;
				SDKROOT = iphoneos;
				SWIFT_OBJC_BRIDGING_HEADER = "../Frameworks/IInkUIReferenceImplementation/IInkUIReferenceImplementation-Bridging-Header.h";
				SWIFT_VERSION = 5.0;
				TARGETED_DEVICE_FAMILY = "1,2";
			};
			name = Debug;
		};
		559D55891F3B656200971CB1 /* Release */ = {
			isa = XCBuildConfiguration;
			buildSettings = {
				ALWAYS_SEARCH_USER_PATHS = NO;
				CLANG_ANALYZER_NONNULL = YES;
				CLANG_ANALYZER_NUMBER_OBJECT_CONVERSION = YES_AGGRESSIVE;
				CLANG_CXX_LANGUAGE_STANDARD = "gnu++0x";
				CLANG_CXX_LIBRARY = "libc++";
				CLANG_ENABLE_MODULES = YES;
				CLANG_ENABLE_OBJC_ARC = YES;
				CLANG_WARN_BOOL_CONVERSION = YES;
				CLANG_WARN_CONSTANT_CONVERSION = YES;
				CLANG_WARN_DIRECT_OBJC_ISA_USAGE = YES_ERROR;
				CLANG_WARN_DOCUMENTATION_COMMENTS = YES;
				CLANG_WARN_EMPTY_BODY = YES;
				CLANG_WARN_ENUM_CONVERSION = YES;
				CLANG_WARN_INFINITE_RECURSION = YES;
				CLANG_WARN_INT_CONVERSION = YES;
				CLANG_WARN_OBJC_ROOT_CLASS = YES_ERROR;
				CLANG_WARN_SUSPICIOUS_MOVE = YES;
				CLANG_WARN_UNREACHABLE_CODE = YES;
				CLANG_WARN__DUPLICATE_METHOD_MATCH = YES;
				"CODE_SIGN_IDENTITY[sdk=iphoneos*]" = "iPhone Developer";
				COPY_PHASE_STRIP = NO;
				DEBUG_INFORMATION_FORMAT = "dwarf-with-dsym";
				ENABLE_NS_ASSERTIONS = NO;
				ENABLE_STRICT_OBJC_MSGSEND = YES;
				GCC_C_LANGUAGE_STANDARD = gnu99;
				GCC_NO_COMMON_BLOCKS = YES;
				GCC_WARN_64_TO_32_BIT_CONVERSION = YES;
				GCC_WARN_ABOUT_RETURN_TYPE = YES_ERROR;
				GCC_WARN_UNDECLARED_SELECTOR = YES;
				GCC_WARN_UNINITIALIZED_AUTOS = YES_AGGRESSIVE;
				GCC_WARN_UNUSED_FUNCTION = YES;
				GCC_WARN_UNUSED_VARIABLE = YES;
				IPHONEOS_DEPLOYMENT_TARGET = 13.0;
				MTL_ENABLE_DEBUG_INFO = NO;
				SDKROOT = iphoneos;
				SWIFT_OBJC_BRIDGING_HEADER = "../Frameworks/IInkUIReferenceImplementation/IInkUIReferenceImplementation-Bridging-Header.h";
				SWIFT_VERSION = 5.0;
				TARGETED_DEVICE_FAMILY = "1,2";
				VALIDATE_PRODUCT = YES;
			};
			name = Release;
		};
		559D558B1F3B656200971CB1 /* Debug */ = {
			isa = XCBuildConfiguration;
			baseConfigurationReference = B22EB11FCE844DF1F4472FCD /* Pods-GetStarted.debug.xcconfig */;
			buildSettings = {
				ASSETCATALOG_COMPILER_APPICON_NAME = AppIcon;
				CLANG_ENABLE_MODULES = YES;
				DEFINES_MODULE = YES;
				DEVELOPMENT_TEAM = 7WY4422N73;
				GCC_PREPROCESSOR_DEFINITIONS = (
					"$(inherited)",
					"COCOAPODS=1",
					"GET_STARTED=1",
				);
				HEADER_SEARCH_PATHS = (
					"$(inherited)",
					"\"${PODS_ROOT}/Headers/Public\"",
					"\"${PODS_ROOT}/Headers/Public/MyScriptInteractiveInk-Runtime\"",
					../Frameworks,
				);
				INFOPLIST_FILE = "$(SRCROOT)/GetStarted/Supporting Files/GetStarted-Info.plist";
				IPHONEOS_DEPLOYMENT_TARGET = 13.0;
				LD_RUNPATH_SEARCH_PATHS = "$(inherited) @executable_path/Frameworks";
				PRODUCT_BUNDLE_IDENTIFIER = com.myscript.iink.GetStarted;
				PRODUCT_NAME = "$(TARGET_NAME)";
				SWIFT_OBJC_BRIDGING_HEADER = "../Frameworks/IInkUIReferenceImplementation/IInkUIReferenceImplementation-Bridging-Header.h";
				SWIFT_OPTIMIZATION_LEVEL = "-Onone";
				SWIFT_VERSION = 5.0;
				WARNING_CFLAGS = "-Wno-objc-missing-property-synthesis";
			};
			name = Debug;
		};
		559D558C1F3B656200971CB1 /* Release */ = {
			isa = XCBuildConfiguration;
			baseConfigurationReference = 65D200C6994E10F1DB8BEBE2 /* Pods-GetStarted.release.xcconfig */;
			buildSettings = {
				ASSETCATALOG_COMPILER_APPICON_NAME = AppIcon;
				CLANG_ENABLE_MODULES = YES;
				DEFINES_MODULE = YES;
				DEVELOPMENT_TEAM = 7WY4422N73;
				GCC_PREPROCESSOR_DEFINITIONS = (
					"$(inherited)",
					"COCOAPODS=1",
					"GET_STARTED=1",
				);
				HEADER_SEARCH_PATHS = (
					"$(inherited)",
					"\"${PODS_ROOT}/Headers/Public\"",
					"\"${PODS_ROOT}/Headers/Public/MyScriptInteractiveInk-Runtime\"",
					../Frameworks,
				);
				INFOPLIST_FILE = "$(SRCROOT)/GetStarted/Supporting Files/GetStarted-Info.plist";
				IPHONEOS_DEPLOYMENT_TARGET = 13.0;
				LD_RUNPATH_SEARCH_PATHS = "$(inherited) @executable_path/Frameworks";
				PRODUCT_BUNDLE_IDENTIFIER = com.myscript.iink.GetStarted;
				PRODUCT_NAME = "$(TARGET_NAME)";
				SWIFT_OBJC_BRIDGING_HEADER = "../Frameworks/IInkUIReferenceImplementation/IInkUIReferenceImplementation-Bridging-Header.h";
				SWIFT_VERSION = 5.0;
				WARNING_CFLAGS = "-Wno-objc-missing-property-synthesis";
			};
			name = Release;
		};
/* End XCBuildConfiguration section */

/* Begin XCConfigurationList section */
		559D556E1F3B656200971CB1 /* Build configuration list for PBXProject "GetStarted" */ = {
			isa = XCConfigurationList;
			buildConfigurations = (
				559D55881F3B656200971CB1 /* Debug */,
				559D55891F3B656200971CB1 /* Release */,
			);
			defaultConfigurationIsVisible = 0;
			defaultConfigurationName = Release;
		};
		559D558A1F3B656200971CB1 /* Build configuration list for PBXNativeTarget "GetStarted" */ = {
			isa = XCConfigurationList;
			buildConfigurations = (
				559D558B1F3B656200971CB1 /* Debug */,
				559D558C1F3B656200971CB1 /* Release */,
			);
			defaultConfigurationIsVisible = 0;
			defaultConfigurationName = Release;
		};
/* End XCConfigurationList section */
	};
	rootObject = 559D556B1F3B656200971CB1 /* Project object */;
}
